
Microsoft Visual Studio Solution File, Format Version 12.00
# Visual Studio Version 16
VisualStudioVersion = 16.0.33130.400
MinimumVisualStudioVersion = 10.0.40219.1
Project("{FAE04EC0-301F-11D3-BF4B-00C04F79EFBC}") = "MCNBTViewer", "MCNBTViewer\MCNBTViewer.csproj", "{7F835617-2898-41C0-9A7E-8D6CD989E8AD}"
EndProject
Project("{FAE04EC0-301F-11D3-BF4B-00C04F79EFBC}") = "MCNBTViewer.Core", "MCNBTViewer.Core\MCNBTViewer.Core.csproj", "{EBDDAA92-38B1-4501-B4EB-9EEB02909258}"
EndProject
Global
	GlobalSection(SolutionConfigurationPlatforms) = preSolution
		Debug|Any CPU = Debug|Any CPU
		Release|Any CPU = Release|Any CPU
	EndGlobalSection
	GlobalSection(ProjectConfigurationPlatforms) = postSolution
		{7F835617-2898-41C0-9A7E-8D6CD989E8AD}.Debug|Any CPU.ActiveCfg = Debug|Any CPU
		{7F835617-2898-41C0-9A7E-8D6CD989E8AD}.Debug|Any CPU.Build.0 = Debug|Any CPU
		{7F835617-2898-41C0-9A7E-8D6CD989E8AD}.Release|Any CPU.ActiveCfg = Release|Any CPU
		{7F835617-2898-41C0-9A7E-8D6CD989E8AD}.Release|Any CPU.Build.0 = Release|Any CPU
		{EBDDAA92-38B1-4501-B4EB-9EEB02909258}.Debug|Any CPU.ActiveCfg = Debug|Any CPU
		{EBDDAA92-38B1-4501-B4EB-9EEB02909258}.Debug|Any CPU.Build.0 = Debug|Any CPU
		{EBDDAA92-38B1-4501-B4EB-9EEB02909258}.Release|Any CPU.ActiveCfg = Release|Any CPU
		{EBDDAA92-38B1-4501-B4EB-9EEB02909258}.Release|Any CPU.Build.0 = Release|Any CPU
	EndGlobalSection
	GlobalSection(SolutionProperties) = preSolution
		HideSolutionNode = FALSE
	EndGlobalSection
	GlobalSection(ExtensibilityGlobals) = postSolution
		SolutionGuid = {7672827D-E8A1-49EC-8FBC-46709DE53E6F}
	EndGlobalSection
EndGlobal
